
Microsoft Visual Studio Solution File, Format Version 12.00
# Visual Studio 15
VisualStudioVersion = 15.0.28307.1267
MinimumVisualStudioVersion = 10.0.40219.1
Project("{FAE04EC0-301F-11D3-BF4B-00C04F79EFBC}") = "youtubePlaylistExporter", "youtubePlaylistExporter\youtubePlaylistExporter.csproj", "{84926B60-6F05-4A0A-9144-C19228BB17AE}"
EndProject
Global
	GlobalSection(SolutionConfigurationPlatforms) = preSolution
		Debug|Any CPU = Debug|Any CPU
		Release|Any CPU = Release|Any CPU
	EndGlobalSection
	GlobalSection(ProjectConfigurationPlatforms) = postSolution
		{84926B60-6F05-4A0A-9144-C19228BB17AE}.Debug|Any CPU.ActiveCfg = Debug|Any CPU
		{84926B60-6F05-4A0A-9144-C19228BB17AE}.Debug|Any CPU.Build.0 = Debug|Any CPU
		{84926B60-6F05-4A0A-9144-C19228BB17AE}.Release|Any CPU.ActiveCfg = Release|Any CPU
		{84926B60-6F05-4A0A-9144-C19228BB17AE}.Release|Any CPU.Build.0 = Release|Any CPU
	EndGlobalSection
	GlobalSection(SolutionProperties) = preSolution
		HideSolutionNode = FALSE
	EndGlobalSection
	GlobalSection(ExtensibilityGlobals) = postSolution
		SolutionGuid = {AA2237AC-1453-464E-83C8-C19E9FC3508B}
	EndGlobalSection
EndGlobal
